
Microsoft Visual Studio Solution File, Format Version 12.00
# Visual Studio Version 16
VisualStudioVersion = 16.0.30114.105
MinimumVisualStudioVersion = 10.0.40219.1
Project("{FAE04EC0-301F-11D3-BF4B-00C04F79EFBC}") = "CopySheets", "CopySheets\CopySheets.csproj", "{DEF3B29C-0C18-4396-892A-4B256D2D193C}"
EndProject
Project("{FAE04EC0-301F-11D3-BF4B-00C04F79EFBC}") = "Test", "Test\Test.csproj", "{0CDDFC79-9629-458E-964D-00A439BFC52E}"
EndProject
Global
	GlobalSection(SolutionConfigurationPlatforms) = preSolution
		Debug|Any CPU = Debug|Any CPU
		Release|Any CPU = Release|Any CPU
	EndGlobalSection
	GlobalSection(ProjectConfigurationPlatforms) = postSolution
		{DEF3B29C-0C18-4396-892A-4B256D2D193C}.Debug|Any CPU.ActiveCfg = Debug|Any CPU
		{DEF3B29C-0C18-4396-892A-4B256D2D193C}.Debug|Any CPU.Build.0 = Debug|Any CPU
		{DEF3B29C-0C18-4396-892A-4B256D2D193C}.Release|Any CPU.ActiveCfg = Release|Any CPU
		{DEF3B29C-0C18-4396-892A-4B256D2D193C}.Release|Any CPU.Build.0 = Release|Any CPU
		{0CDDFC79-9629-458E-964D-00A439BFC52E}.Debug|Any CPU.ActiveCfg = Debug|Any CPU
		{0CDDFC79-9629-458E-964D-00A439BFC52E}.Debug|Any CPU.Build.0 = Debug|Any CPU
		{0CDDFC79-9629-458E-964D-00A439BFC52E}.Release|Any CPU.ActiveCfg = Release|Any CPU
		{0CDDFC79-9629-458E-964D-00A439BFC52E}.Release|Any CPU.Build.0 = Release|Any CPU
	EndGlobalSection
	GlobalSection(SolutionProperties) = preSolution
		HideSolutionNode = FALSE
	EndGlobalSection
	GlobalSection(ExtensibilityGlobals) = postSolution
		SolutionGuid = {D6941FB8-B96E-4ABB-885D-359C910F8A32}
	EndGlobalSection
EndGlobal
